
Microsoft Visual Studio Solution File, Format Version 12.00
# Visual Studio Version 17
VisualStudioVersion = 17.12.35514.174
MinimumVisualStudioVersion = 10.0.40219.1
Project("{8BC9CEB8-8B4A-11D0-8D11-00A0C91BC942}") = "Algo-Lvl-3", "Algo-Lvl-3\Algo-Lvl-3.vcxproj", "{E1086265-CF61-42EA-A826-E21B838DAFF7}"
EndProject
Project("{8BC9CEB8-8B4A-11D0-8D11-00A0C91BC942}") = "Problem-2", "Problem-2\Problem-2.vcxproj", "{25667384-FDA0-4136-A16F-3E187B1E066B}"
EndProject
Project("{8BC9CEB8-8B4A-11D0-8D11-00A0C91BC942}") = "Problem-3", "Problem-3\Problem-3.vcxproj", "{8489862E-1FB6-4502-8B14-82FA360F53B5}"
EndProject
Project("{8BC9CEB8-8B4A-11D0-8D11-00A0C91BC942}") = "Problem-4", "Problem-4\Problem-4.vcxproj", "{80AD4382-AAD2-4BA8-928F-06A01D45AF6F}"
EndProject
Project("{8BC9CEB8-8B4A-11D0-8D11-00A0C91BC942}") = "Problem-5", "Problem-5\Problem-5.vcxproj", "{EA9634C0-CB7E-4FF0-A912-EAC399B78B29}"
EndProject
Project("{8BC9CEB8-8B4A-11D0-8D11-00A0C91BC942}") = "Problem-6", "Problem-6\Problem-6.vcxproj", "{C35A24C8-7D4F-48D2-8F24-6E6902233D23}"
EndProject
Project("{8BC9CEB8-8B4A-11D0-8D11-00A0C91BC942}") = "Problem 7", "Problem 7\Problem 7.vcxproj", "{DD558356-8362-45E7-8ACB-5107A52C249E}"
EndProject
Project("{8BC9CEB8-8B4A-11D0-8D11-00A0C91BC942}") = "Problem 8", "Problem 8\Problem 8.vcxproj", "{AD20E7B2-006B-4FE2-A907-1F811F3A97B2}"
EndProject
Project("{8BC9CEB8-8B4A-11D0-8D11-00A0C91BC942}") = "Problem-9", "Problem-9\Problem-9.vcxproj", "{1F7FA71F-EA8F-4DC6-AC4C-4F21639DF526}"
EndProject
Project("{8BC9CEB8-8B4A-11D0-8D11-00A0C91BC942}") = "Problem 10", "Problem 10\Problem 10.vcxproj", "{DC0161D1-3071-4AD9-98DF-7979858AAAD1}"
EndProject
Project("{8BC9CEB8-8B4A-11D0-8D11-00A0C91BC942}") = "Problem 11", "Problem 11\Problem 11.vcxproj", "{79B08D05-5E42-4490-8DD8-6EC4C87857CA}"
EndProject
Project("{8BC9CEB8-8B4A-11D0-8D11-00A0C91BC942}") = "Problem 12", "Problem 12\Problem 12.vcxproj", "{105D2660-8305-45E6-B497-2B074983B388}"
EndProject
Project("{8BC9CEB8-8B4A-11D0-8D11-00A0C91BC942}") = "Problem 13", "Problem 13\Problem 13.vcxproj", "{7A823AB9-618A-43E1-BA70-EE1439C970FA}"
EndProject
Project("{8BC9CEB8-8B4A-11D0-8D11-00A0C91BC942}") = "Problem 14", "Problem 14\Problem 14.vcxproj", "{1FD23E66-7470-4C04-A5CE-3E06A18F0D0D}"
EndProject
Project("{8BC9CEB8-8B4A-11D0-8D11-00A0C91BC942}") = "Problem 15", "Problem 15\Problem 15.vcxproj", "{F3956174-7C23-4412-8D13-DCDF31BACDC2}"
EndProject
Project("{8BC9CEB8-8B4A-11D0-8D11-00A0C91BC942}") = "Problem 16", "Problem 16\Problem 16.vcxproj", "{0FEB5DBB-F556-4103-BBF4-E778F29A50F8}"
EndProject
Project("{8BC9CEB8-8B4A-11D0-8D11-00A0C91BC942}") = "Problem 17", "Problem 17\Problem 17.vcxproj", "{255A24C5-FB67-4D25-AF67-5F4F58A2AE4F}"
EndProject
Project("{8BC9CEB8-8B4A-11D0-8D11-00A0C91BC942}") = "Problem 18", "Problem 18\Problem 18.vcxproj", "{F18D4B8A-7385-4DA4-A1A3-51CC4992A066}"
EndProject
Project("{8BC9CEB8-8B4A-11D0-8D11-00A0C91BC942}") = "Problem 19", "Problem 19\Problem 19.vcxproj", "{449C1654-A089-492B-8879-0AB0521E47E0}"
EndProject
Project("{8BC9CEB8-8B4A-11D0-8D11-00A0C91BC942}") = "problem 20", "problem 20\problem 20.vcxproj", "{3478EADA-9E6D-483D-A191-2D777E870D89}"
EndProject
Project("{8BC9CEB8-8B4A-11D0-8D11-00A0C91BC942}") = "Problem 21", "Problem 21\Problem 21.vcxproj", "{2E56460D-399B-4901-A8E8-EE3A327CD55C}"
EndProject
Project("{8BC9CEB8-8B4A-11D0-8D11-00A0C91BC942}") = "Problem 22", "Problem 22\Problem 22.vcxproj", "{AF235063-015F-444D-86CD-CC8B8C695221}"
EndProject
Project("{8BC9CEB8-8B4A-11D0-8D11-00A0C91BC942}") = "Problem 23", "Problem 23\Problem 23.vcxproj", "{C1A445A6-BAE7-4FB7-8DA1-D83AD9759EB2}"
EndProject
Project("{8BC9CEB8-8B4A-11D0-8D11-00A0C91BC942}") = "Problem 24", "Problem 24\Problem 24.vcxproj", "{A2A67D36-881E-4EC8-9BFF-35120F0284F0}"
EndProject
Project("{8BC9CEB8-8B4A-11D0-8D11-00A0C91BC942}") = "Problem 25", "Problem 25\Problem 25.vcxproj", "{EDBF062D-1481-47F5-B5F1-73D9B88D680E}"
EndProject
Project("{8BC9CEB8-8B4A-11D0-8D11-00A0C91BC942}") = "Problem 26", "Problem 26\Problem 26.vcxproj", "{A43F9768-D7D8-44E4-B082-3FBA34635E37}"
EndProject
Project("{8BC9CEB8-8B4A-11D0-8D11-00A0C91BC942}") = "Problem 27", "Problem 27\Problem 27.vcxproj", "{6302C20F-6C2B-4649-9A26-03E8EB4FC0E5}"
EndProject
Project("{8BC9CEB8-8B4A-11D0-8D11-00A0C91BC942}") = "Problem 28", "Problem 28\Problem 28.vcxproj", "{0EBE944C-B3FC-46C9-A291-075F21ECB310}"
EndProject
Project("{8BC9CEB8-8B4A-11D0-8D11-00A0C91BC942}") = "Problem 29", "Problem 29\Problem 29.vcxproj", "{5D3DB297-F25A-460A-BB1B-DD23BA8D7022}"
EndProject
Project("{8BC9CEB8-8B4A-11D0-8D11-00A0C91BC942}") = "Problem 30", "Problem 30\Problem 30.vcxproj", "{0A323283-FA45-4821-81E1-53F9FA18DE41}"
EndProject
Project("{8BC9CEB8-8B4A-11D0-8D11-00A0C91BC942}") = "Problem 31", "Problem 31\Problem 31.vcxproj", "{5CA26BEB-D705-4A8E-B2F2-2AE041E71DE1}"
EndProject
Project("{8BC9CEB8-8B4A-11D0-8D11-00A0C91BC942}") = "Problem 32", "Problem 32\Problem 32.vcxproj", "{95B064D5-C116-4EA3-A054-CCE549883A7C}"
EndProject
Project("{8BC9CEB8-8B4A-11D0-8D11-00A0C91BC942}") = "Problem 33", "Problem 33\Problem 33.vcxproj", "{A1A081DE-4E35-4493-A5FD-AD4778A53864}"
EndProject
Project("{8BC9CEB8-8B4A-11D0-8D11-00A0C91BC942}") = "Problem 34", "Problem 34\Problem 34.vcxproj", "{2887DB8E-A1D6-4974-8B97-3479B688C54B}"
EndProject
Global
	GlobalSection(SolutionConfigurationPlatforms) = preSolution
		Debug|x64 = Debug|x64
		Debug|x86 = Debug|x86
		Release|x64 = Release|x64
		Release|x86 = Release|x86
	EndGlobalSection
	GlobalSection(ProjectConfigurationPlatforms) = postSolution
		{E1086265-CF61-42EA-A826-E21B838DAFF7}.Debug|x64.ActiveCfg = Debug|x64
		{E1086265-CF61-42EA-A826-E21B838DAFF7}.Debug|x64.Build.0 = Debug|x64
		{E1086265-CF61-42EA-A826-E21B838DAFF7}.Debug|x86.ActiveCfg = Debug|Win32
		{E1086265-CF61-42EA-A826-E21B838DAFF7}.Debug|x86.Build.0 = Debug|Win32
		{E1086265-CF61-42EA-A826-E21B838DAFF7}.Release|x64.ActiveCfg = Release|x64
		{E1086265-CF61-42EA-A826-E21B838DAFF7}.Release|x64.Build.0 = Release|x64
		{E1086265-CF61-42EA-A826-E21B838DAFF7}.Release|x86.ActiveCfg = Release|Win32
		{E1086265-CF61-42EA-A826-E21B838DAFF7}.Release|x86.Build.0 = Release|Win32
		{25667384-FDA0-4136-A16F-3E187B1E066B}.Debug|x64.ActiveCfg = Debug|x64
		{25667384-FDA0-4136-A16F-3E187B1E066B}.Debug|x64.Build.0 = Debug|x64
		{25667384-FDA0-4136-A16F-3E187B1E066B}.Debug|x86.ActiveCfg = Debug|Win32
		{25667384-FDA0-4136-A16F-3E187B1E066B}.Debug|x86.Build.0 = Debug|Win32
		{25667384-FDA0-4136-A16F-3E187B1E066B}.Release|x64.ActiveCfg = Release|x64
		{25667384-FDA0-4136-A16F-3E187B1E066B}.Release|x64.Build.0 = Release|x64
		{25667384-FDA0-4136-A16F-3E187B1E066B}.Release|x86.ActiveCfg = Release|Win32
		{25667384-FDA0-4136-A16F-3E187B1E066B}.Release|x86.Build.0 = Release|Win32
		{8489862E-1FB6-4502-8B14-82FA360F53B5}.Debug|x64.ActiveCfg = Debug|x64
		{8489862E-1FB6-4502-8B14-82FA360F53B5}.Debug|x64.Build.0 = Debug|x64
		{8489862E-1FB6-4502-8B14-82FA360F53B5}.Debug|x86.ActiveCfg = Debug|Win32
		{8489862E-1FB6-4502-8B14-82FA360F53B5}.Debug|x86.Build.0 = Debug|Win32
		{8489862E-1FB6-4502-8B14-82FA360F53B5}.Release|x64.ActiveCfg = Release|x64
		{8489862E-1FB6-4502-8B14-82FA360F53B5}.Release|x64.Build.0 = Release|x64
		{8489862E-1FB6-4502-8B14-82FA360F53B5}.Release|x86.ActiveCfg = Release|Win32
		{8489862E-1FB6-4502-8B14-82FA360F53B5}.Release|x86.Build.0 = Release|Win32
		{80AD4382-AAD2-4BA8-928F-06A01D45AF6F}.Debug|x64.ActiveCfg = Debug|x64
		{80AD4382-AAD2-4BA8-928F-06A01D45AF6F}.Debug|x64.Build.0 = Debug|x64
		{80AD4382-AAD2-4BA8-928F-06A01D45AF6F}.Debug|x86.ActiveCfg = Debug|Win32
		{80AD4382-AAD2-4BA8-928F-06A01D45AF6F}.Debug|x86.Build.0 = Debug|Win32
		{80AD4382-AAD2-4BA8-928F-06A01D45AF6F}.Release|x64.ActiveCfg = Release|x64
		{80AD4382-AAD2-4BA8-928F-06A01D45AF6F}.Release|x64.Build.0 = Release|x64
		{80AD4382-AAD2-4BA8-928F-06A01D45AF6F}.Release|x86.ActiveCfg = Release|Win32
		{80AD4382-AAD2-4BA8-928F-06A01D45AF6F}.Release|x86.Build.0 = Release|Win32
		{EA9634C0-CB7E-4FF0-A912-EAC399B78B29}.Debug|x64.ActiveCfg = Debug|x64
		{EA9634C0-CB7E-4FF0-A912-EAC399B78B29}.Debug|x64.Build.0 = Debug|x64
		{EA9634C0-CB7E-4FF0-A912-EAC399B78B29}.Debug|x86.ActiveCfg = Debug|Win32
		{EA9634C0-CB7E-4FF0-A912-EAC399B78B29}.Debug|x86.Build.0 = Debug|Win32
		{EA9634C0-CB7E-4FF0-A912-EAC399B78B29}.Release|x64.ActiveCfg = Release|x64
		{EA9634C0-CB7E-4FF0-A912-EAC399B78B29}.Release|x64.Build.0 = Release|x64
		{EA9634C0-CB7E-4FF0-A912-EAC399B78B29}.Release|x86.ActiveCfg = Release|Win32
		{EA9634C0-CB7E-4FF0-A912-EAC399B78B29}.Release|x86.Build.0 = Release|Win32
		{C35A24C8-7D4F-48D2-8F24-6E6902233D23}.Debug|x64.ActiveCfg = Debug|x64
		{C35A24C8-7D4F-48D2-8F24-6E6902233D23}.Debug|x64.Build.0 = Debug|x64
		{C35A24C8-7D4F-48D2-8F24-6E6902233D23}.Debug|x86.ActiveCfg = Debug|Win32
		{C35A24C8-7D4F-48D2-8F24-6E6902233D23}.Debug|x86.Build.0 = Debug|Win32
		{C35A24C8-7D4F-48D2-8F24-6E6902233D23}.Release|x64.ActiveCfg = Release|x64
		{C35A24C8-7D4F-48D2-8F24-6E6902233D23}.Release|x64.Build.0 = Release|x64
		{C35A24C8-7D4F-48D2-8F24-6E6902233D23}.Release|x86.ActiveCfg = Release|Win32
		{C35A24C8-7D4F-48D2-8F24-6E6902233D23}.Release|x86.Build.0 = Release|Win32
		{DD558356-8362-45E7-8ACB-5107A52C249E}.Debug|x64.ActiveCfg = Debug|x64
		{DD558356-8362-45E7-8ACB-5107A52C249E}.Debug|x64.Build.0 = Debug|x64
		{DD558356-8362-45E7-8ACB-5107A52C249E}.Debug|x86.ActiveCfg = Debug|Win32
		{DD558356-8362-45E7-8ACB-5107A52C249E}.Debug|x86.Build.0 = Debug|Win32
		{DD558356-8362-45E7-8ACB-5107A52C249E}.Release|x64.ActiveCfg = Release|x64
		{DD558356-8362-45E7-8ACB-5107A52C249E}.Release|x64.Build.0 = Release|x64
		{DD558356-8362-45E7-8ACB-5107A52C249E}.Release|x86.ActiveCfg = Release|Win32
		{DD558356-8362-45E7-8ACB-5107A52C249E}.Release|x86.Build.0 = Release|Win32
		{AD20E7B2-006B-4FE2-A907-1F811F3A97B2}.Debug|x64.ActiveCfg = Debug|x64
		{AD20E7B2-006B-4FE2-A907-1F811F3A97B2}.Debug|x64.Build.0 = Debug|x64
		{AD20E7B2-006B-4FE2-A907-1F811F3A97B2}.Debug|x86.ActiveCfg = Debug|Win32
		{AD20E7B2-006B-4FE2-A907-1F811F3A97B2}.Debug|x86.Build.0 = Debug|Win32
		{AD20E7B2-006B-4FE2-A907-1F811F3A97B2}.Release|x64.ActiveCfg = Release|x64
		{AD20E7B2-006B-4FE2-A907-1F811F3A97B2}.Release|x64.Build.0 = Release|x64
		{AD20E7B2-006B-4FE2-A907-1F811F3A97B2}.Release|x86.ActiveCfg = Release|Win32
		{AD20E7B2-006B-4FE2-A907-1F811F3A97B2}.Release|x86.Build.0 = Release|Win32
		{1F7FA71F-EA8F-4DC6-AC4C-4F21639DF526}.Debug|x64.ActiveCfg = Debug|x64
		{1F7FA71F-EA8F-4DC6-AC4C-4F21639DF526}.Debug|x64.Build.0 = Debug|x64
		{1F7FA71F-EA8F-4DC6-AC4C-4F21639DF526}.Debug|x86.ActiveCfg = Debug|Win32
		{1F7FA71F-EA8F-4DC6-AC4C-4F21639DF526}.Debug|x86.Build.0 = Debug|Win32
		{1F7FA71F-EA8F-4DC6-AC4C-4F21639DF526}.Release|x64.ActiveCfg = Release|x64
		{1F7FA71F-EA8F-4DC6-AC4C-4F21639DF526}.Release|x64.Build.0 = Release|x64
		{1F7FA71F-EA8F-4DC6-AC4C-4F21639DF526}.Release|x86.ActiveCfg = Release|Win32
		{1F7FA71F-EA8F-4DC6-AC4C-4F21639DF526}.Release|x86.Build.0 = Release|Win32
		{DC0161D1-3071-4AD9-98DF-7979858AAAD1}.Debug|x64.ActiveCfg = Debug|x64
		{DC0161D1-3071-4AD9-98DF-7979858AAAD1}.Debug|x64.Build.0 = Debug|x64
		{DC0161D1-3071-4AD9-98DF-7979858AAAD1}.Debug|x86.ActiveCfg = Debug|Win32
		{DC0161D1-3071-4AD9-98DF-7979858AAAD1}.Debug|x86.Build.0 = Debug|Win32
		{DC0161D1-3071-4AD9-98DF-7979858AAAD1}.Release|x64.ActiveCfg = Release|x64
		{DC0161D1-3071-4AD9-98DF-7979858AAAD1}.Release|x64.Build.0 = Release|x64
		{DC0161D1-3071-4AD9-98DF-7979858AAAD1}.Release|x86.ActiveCfg = Release|Win32
		{DC0161D1-3071-4AD9-98DF-7979858AAAD1}.Release|x86.Build.0 = Release|Win32
		{79B08D05-5E42-4490-8DD8-6EC4C87857CA}.Debug|x64.ActiveCfg = Debug|x64
		{79B08D05-5E42-4490-8DD8-6EC4C87857CA}.Debug|x64.Build.0 = Debug|x64
		{79B08D05-5E42-4490-8DD8-6EC4C87857CA}.Debug|x86.ActiveCfg = Debug|Win32
		{79B08D05-5E42-4490-8DD8-6EC4C87857CA}.Debug|x86.Build.0 = Debug|Win32
		{79B08D05-5E42-4490-8DD8-6EC4C87857CA}.Release|x64.ActiveCfg = Release|x64
		{79B08D05-5E42-4490-8DD8-6EC4C87857CA}.Release|x64.Build.0 = Release|x64
		{79B08D05-5E42-4490-8DD8-6EC4C87857CA}.Release|x86.ActiveCfg = Release|Win32
		{79B08D05-5E42-4490-8DD8-6EC4C87857CA}.Release|x86.Build.0 = Release|Win32
		{105D2660-8305-45E6-B497-2B074983B388}.Debug|x64.ActiveCfg = Debug|x64
		{105D2660-8305-45E6-B497-2B074983B388}.Debug|x64.Build.0 = Debug|x64
		{105D2660-8305-45E6-B497-2B074983B388}.Debug|x86.ActiveCfg = Debug|Win32
		{105D2660-8305-45E6-B497-2B074983B388}.Debug|x86.Build.0 = Debug|Win32
		{105D2660-8305-45E6-B497-2B074983B388}.Release|x64.ActiveCfg = Release|x64
		{105D2660-8305-45E6-B497-2B074983B388}.Release|x64.Build.0 = Release|x64
		{105D2660-8305-45E6-B497-2B074983B388}.Release|x86.ActiveCfg = Release|Win32
		{105D2660-8305-45E6-B497-2B074983B388}.Release|x86.Build.0 = Release|Win32
		{7A823AB9-618A-43E1-BA70-EE1439C970FA}.Debug|x64.ActiveCfg = Debug|x64
		{7A823AB9-618A-43E1-BA70-EE1439C970FA}.Debug|x64.Build.0 = Debug|x64
		{7A823AB9-618A-43E1-BA70-EE1439C970FA}.Debug|x86.ActiveCfg = Debug|Win32
		{7A823AB9-618A-43E1-BA70-EE1439C970FA}.Debug|x86.Build.0 = Debug|Win32
		{7A823AB9-618A-43E1-BA70-EE1439C970FA}.Release|x64.ActiveCfg = Release|x64
		{7A823AB9-618A-43E1-BA70-EE1439C970FA}.Release|x64.Build.0 = Release|x64
		{7A823AB9-618A-43E1-BA70-EE1439C970FA}.Release|x86.ActiveCfg = Release|Win32
		{7A823AB9-618A-43E1-BA70-EE1439C970FA}.Release|x86.Build.0 = Release|Win32
		{1FD23E66-7470-4C04-A5CE-3E06A18F0D0D}.Debug|x64.ActiveCfg = Debug|x64
		{1FD23E66-7470-4C04-A5CE-3E06A18F0D0D}.Debug|x64.Build.0 = Debug|x64
		{1FD23E66-7470-4C04-A5CE-3E06A18F0D0D}.Debug|x86.ActiveCfg = Debug|Win32
		{1FD23E66-7470-4C04-A5CE-3E06A18F0D0D}.Debug|x86.Build.0 = Debug|Win32
		{1FD23E66-7470-4C04-A5CE-3E06A18F0D0D}.Release|x64.ActiveCfg = Release|x64
		{1FD23E66-7470-4C04-A5CE-3E06A18F0D0D}.Release|x64.Build.0 = Release|x64
		{1FD23E66-7470-4C04-A5CE-3E06A18F0D0D}.Release|x86.ActiveCfg = Release|Win32
		{1FD23E66-7470-4C04-A5CE-3E06A18F0D0D}.Release|x86.Build.0 = Release|Win32
		{F3956174-7C23-4412-8D13-DCDF31BACDC2}.Debug|x64.ActiveCfg = Debug|x64
		{F3956174-7C23-4412-8D13-DCDF31BACDC2}.Debug|x64.Build.0 = Debug|x64
		{F3956174-7C23-4412-8D13-DCDF31BACDC2}.Debug|x86.ActiveCfg = Debug|Win32
		{F3956174-7C23-4412-8D13-DCDF31BACDC2}.Debug|x86.Build.0 = Debug|Win32
		{F3956174-7C23-4412-8D13-DCDF31BACDC2}.Release|x64.ActiveCfg = Release|x64
		{F3956174-7C23-4412-8D13-DCDF31BACDC2}.Release|x64.Build.0 = Release|x64
		{F3956174-7C23-4412-8D13-DCDF31BACDC2}.Release|x86.ActiveCfg = Release|Win32
		{F3956174-7C23-4412-8D13-DCDF31BACDC2}.Release|x86.Build.0 = Release|Win32
		{0FEB5DBB-F556-4103-BBF4-E778F29A50F8}.Debug|x64.ActiveCfg = Debug|x64
		{0FEB5DBB-F556-4103-BBF4-E778F29A50F8}.Debug|x64.Build.0 = Debug|x64
		{0FEB5DBB-F556-4103-BBF4-E778F29A50F8}.Debug|x86.ActiveCfg = Debug|Win32
		{0FEB5DBB-F556-4103-BBF4-E778F29A50F8}.Debug|x86.Build.0 = Debug|Win32
		{0FEB5DBB-F556-4103-BBF4-E778F29A50F8}.Release|x64.ActiveCfg = Release|x64
		{0FEB5DBB-F556-4103-BBF4-E778F29A50F8}.Release|x64.Build.0 = Release|x64
		{0FEB5DBB-F556-4103-BBF4-E778F29A50F8}.Release|x86.ActiveCfg = Release|Win32
		{0FEB5DBB-F556-4103-BBF4-E778F29A50F8}.Release|x86.Build.0 = Release|Win32
		{255A24C5-FB67-4D25-AF67-5F4F58A2AE4F}.Debug|x64.ActiveCfg = Debug|x64
		{255A24C5-FB67-4D25-AF67-5F4F58A2AE4F}.Debug|x64.Build.0 = Debug|x64
		{255A24C5-FB67-4D25-AF67-5F4F58A2AE4F}.Debug|x86.ActiveCfg = Debug|Win32
		{255A24C5-FB67-4D25-AF67-5F4F58A2AE4F}.Debug|x86.Build.0 = Debug|Win32
		{255A24C5-FB67-4D25-AF67-5F4F58A2AE4F}.Release|x64.ActiveCfg = Release|x64
		{255A24C5-FB67-4D25-AF67-5F4F58A2AE4F}.Release|x64.Build.0 = Release|x64
		{255A24C5-FB67-4D25-AF67-5F4F58A2AE4F}.Release|x86.ActiveCfg = Release|Win32
		{255A24C5-FB67-4D25-AF67-5F4F58A2AE4F}.Release|x86.Build.0 = Release|Win32
		{F18D4B8A-7385-4DA4-A1A3-51CC4992A066}.Debug|x64.ActiveCfg = Debug|x64
		{F18D4B8A-7385-4DA4-A1A3-51CC4992A066}.Debug|x64.Build.0 = Debug|x64
		{F18D4B8A-7385-4DA4-A1A3-51CC4992A066}.Debug|x86.ActiveCfg = Debug|Win32
		{F18D4B8A-7385-4DA4-A1A3-51CC4992A066}.Debug|x86.Build.0 = Debug|Win32
		{F18D4B8A-7385-4DA4-A1A3-51CC4992A066}.Release|x64.ActiveCfg = Release|x64
		{F18D4B8A-7385-4DA4-A1A3-51CC4992A066}.Release|x64.Build.0 = Release|x64
		{F18D4B8A-7385-4DA4-A1A3-51CC4992A066}.Release|x86.ActiveCfg = Release|Win32
		{F18D4B8A-7385-4DA4-A1A3-51CC4992A066}.Release|x86.Build.0 = Release|Win32
		{449C1654-A089-492B-8879-0AB0521E47E0}.Debug|x64.ActiveCfg = Debug|x64
		{449C1654-A089-492B-8879-0AB0521E47E0}.Debug|x64.Build.0 = Debug|x64
		{449C1654-A089-492B-8879-0AB0521E47E0}.Debug|x86.ActiveCfg = Debug|Win32
		{449C1654-A089-492B-8879-0AB0521E47E0}.Debug|x86.Build.0 = Debug|Win32
		{449C1654-A089-492B-8879-0AB0521E47E0}.Release|x64.ActiveCfg = Release|x64
		{449C1654-A089-492B-8879-0AB0521E47E0}.Release|x64.Build.0 = Release|x64
		{449C1654-A089-492B-8879-0AB0521E47E0}.Release|x86.ActiveCfg = Release|Win32
		{449C1654-A089-492B-8879-0AB0521E47E0}.Release|x86.Build.0 = Release|Win32
		{3478EADA-9E6D-483D-A191-2D777E870D89}.Debug|x64.ActiveCfg = Debug|x64
		{3478EADA-9E6D-483D-A191-2D777E870D89}.Debug|x64.Build.0 = Debug|x64
		{3478EADA-9E6D-483D-A191-2D777E870D89}.Debug|x86.ActiveCfg = Debug|Win32
		{3478EADA-9E6D-483D-A191-2D777E870D89}.Debug|x86.Build.0 = Debug|Win32
		{3478EADA-9E6D-483D-A191-2D777E870D89}.Release|x64.ActiveCfg = Release|x64
		{3478EADA-9E6D-483D-A191-2D777E870D89}.Release|x64.Build.0 = Release|x64
		{3478EADA-9E6D-483D-A191-2D777E870D89}.Release|x86.ActiveCfg = Release|Win32
		{3478EADA-9E6D-483D-A191-2D777E870D89}.Release|x86.Build.0 = Release|Win32
		{2E56460D-399B-4901-A8E8-EE3A327CD55C}.Debug|x64.ActiveCfg = Debug|x64
		{2E56460D-399B-4901-A8E8-EE3A327CD55C}.Debug|x64.Build.0 = Debug|x64
		{2E56460D-399B-4901-A8E8-EE3A327CD55C}.Debug|x86.ActiveCfg = Debug|Win32
		{2E56460D-399B-4901-A8E8-EE3A327CD55C}.Debug|x86.Build.0 = Debug|Win32
		{2E56460D-399B-4901-A8E8-EE3A327CD55C}.Release|x64.ActiveCfg = Release|x64
		{2E56460D-399B-4901-A8E8-EE3A327CD55C}.Release|x64.Build.0 = Release|x64
		{2E56460D-399B-4901-A8E8-EE3A327CD55C}.Release|x86.ActiveCfg = Release|Win32
		{2E56460D-399B-4901-A8E8-EE3A327CD55C}.Release|x86.Build.0 = Release|Win32
		{AF235063-015F-444D-86CD-CC8B8C695221}.Debug|x64.ActiveCfg = Debug|x64
		{AF235063-015F-444D-86CD-CC8B8C695221}.Debug|x64.Build.0 = Debug|x64
		{AF235063-015F-444D-86CD-CC8B8C695221}.Debug|x86.ActiveCfg = Debug|Win32
		{AF235063-015F-444D-86CD-CC8B8C695221}.Debug|x86.Build.0 = Debug|Win32
		{AF235063-015F-444D-86CD-CC8B8C695221}.Release|x64.ActiveCfg = Release|x64
		{AF235063-015F-444D-86CD-CC8B8C695221}.Release|x64.Build.0 = Release|x64
		{AF235063-015F-444D-86CD-CC8B8C695221}.Release|x86.ActiveCfg = Release|Win32
		{AF235063-015F-444D-86CD-CC8B8C695221}.Release|x86.Build.0 = Release|Win32
		{C1A445A6-BAE7-4FB7-8DA1-D83AD9759EB2}.Debug|x64.ActiveCfg = Debug|x64
		{C1A445A6-BAE7-4FB7-8DA1-D83AD9759EB2}.Debug|x64.Build.0 = Debug|x64
		{C1A445A6-BAE7-4FB7-8DA1-D83AD9759EB2}.Debug|x86.ActiveCfg = Debug|Win32
		{C1A445A6-BAE7-4FB7-8DA1-D83AD9759EB2}.Debug|x86.Build.0 = Debug|Win32
		{C1A445A6-BAE7-4FB7-8DA1-D83AD9759EB2}.Release|x64.ActiveCfg = Release|x64
		{C1A445A6-BAE7-4FB7-8DA1-D83AD9759EB2}.Release|x64.Build.0 = Release|x64
		{C1A445A6-BAE7-4FB7-8DA1-D83AD9759EB2}.Release|x86.ActiveCfg = Release|Win32
		{C1A445A6-BAE7-4FB7-8DA1-D83AD9759EB2}.Release|x86.Build.0 = Release|Win32
		{A2A67D36-881E-4EC8-9BFF-35120F0284F0}.Debug|x64.ActiveCfg = Debug|x64
		{A2A67D36-881E-4EC8-9BFF-35120F0284F0}.Debug|x64.Build.0 = Debug|x64
		{A2A67D36-881E-4EC8-9BFF-35120F0284F0}.Debug|x86.ActiveCfg = Debug|Win32
		{A2A67D36-881E-4EC8-9BFF-35120F0284F0}.Debug|x86.Build.0 = Debug|Win32
		{A2A67D36-881E-4EC8-9BFF-35120F0284F0}.Release|x64.ActiveCfg = Release|x64
		{A2A67D36-881E-4EC8-9BFF-35120F0284F0}.Release|x64.Build.0 = Release|x64
		{A2A67D36-881E-4EC8-9BFF-35120F0284F0}.Release|x86.ActiveCfg = Release|Win32
		{A2A67D36-881E-4EC8-9BFF-35120F0284F0}.Release|x86.Build.0 = Release|Win32
		{EDBF062D-1481-47F5-B5F1-73D9B88D680E}.Debug|x64.ActiveCfg = Debug|x64
		{EDBF062D-1481-47F5-B5F1-73D9B88D680E}.Debug|x64.Build.0 = Debug|x64
		{EDBF062D-1481-47F5-B5F1-73D9B88D680E}.Debug|x86.ActiveCfg = Debug|Win32
		{EDBF062D-1481-47F5-B5F1-73D9B88D680E}.Debug|x86.Build.0 = Debug|Win32
		{EDBF062D-1481-47F5-B5F1-73D9B88D680E}.Release|x64.ActiveCfg = Release|x64
		{EDBF062D-1481-47F5-B5F1-73D9B88D680E}.Release|x64.Build.0 = Release|x64
		{EDBF062D-1481-47F5-B5F1-73D9B88D680E}.Release|x86.ActiveCfg = Release|Win32
		{EDBF062D-1481-47F5-B5F1-73D9B88D680E}.Release|x86.Build.0 = Release|Win32
		{A43F9768-D7D8-44E4-B082-3FBA34635E37}.Debug|x64.ActiveCfg = Debug|x64
		{A43F9768-D7D8-44E4-B082-3FBA34635E37}.Debug|x64.Build.0 = Debug|x64
		{A43F9768-D7D8-44E4-B082-3FBA34635E37}.Debug|x86.ActiveCfg = Debug|Win32
		{A43F9768-D7D8-44E4-B082-3FBA34635E37}.Debug|x86.Build.0 = Debug|Win32
		{A43F9768-D7D8-44E4-B082-3FBA34635E37}.Release|x64.ActiveCfg = Release|x64
		{A43F9768-D7D8-44E4-B082-3FBA34635E37}.Release|x64.Build.0 = Release|x64
		{A43F9768-D7D8-44E4-B082-3FBA34635E37}.Release|x86.ActiveCfg = Release|Win32
		{A43F9768-D7D8-44E4-B082-3FBA34635E37}.Release|x86.Build.0 = Release|Win32
		{6302C20F-6C2B-4649-9A26-03E8EB4FC0E5}.Debug|x64.ActiveCfg = Debug|x64
		{6302C20F-6C2B-4649-9A26-03E8EB4FC0E5}.Debug|x64.Build.0 = Debug|x64
		{6302C20F-6C2B-4649-9A26-03E8EB4FC0E5}.Debug|x86.ActiveCfg = Debug|Win32
		{6302C20F-6C2B-4649-9A26-03E8EB4FC0E5}.Debug|x86.Build.0 = Debug|Win32
		{6302C20F-6C2B-4649-9A26-03E8EB4FC0E5}.Release|x64.ActiveCfg = Release|x64
		{6302C20F-6C2B-4649-9A26-03E8EB4FC0E5}.Release|x64.Build.0 = Release|x64
		{6302C20F-6C2B-4649-9A26-03E8EB4FC0E5}.Release|x86.ActiveCfg = Release|Win32
		{6302C20F-6C2B-4649-9A26-03E8EB4FC0E5}.Release|x86.Build.0 = Release|Win32
		{0EBE944C-B3FC-46C9-A291-075F21ECB310}.Debug|x64.ActiveCfg = Debug|x64
		{0EBE944C-B3FC-46C9-A291-075F21ECB310}.Debug|x64.Build.0 = Debug|x64
		{0EBE944C-B3FC-46C9-A291-075F21ECB310}.Debug|x86.ActiveCfg = Debug|Win32
		{0EBE944C-B3FC-46C9-A291-075F21ECB310}.Debug|x86.Build.0 = Debug|Win32
		{0EBE944C-B3FC-46C9-A291-075F21ECB310}.Release|x64.ActiveCfg = Release|x64
		{0EBE944C-B3FC-46C9-A291-075F21ECB310}.Release|x64.Build.0 = Release|x64
		{0EBE944C-B3FC-46C9-A291-075F21ECB310}.Release|x86.ActiveCfg = Release|Win32
		{0EBE944C-B3FC-46C9-A291-075F21ECB310}.Release|x86.Build.0 = Release|Win32
		{5D3DB297-F25A-460A-BB1B-DD23BA8D7022}.Debug|x64.ActiveCfg = Debug|x64
		{5D3DB297-F25A-460A-BB1B-DD23BA8D7022}.Debug|x64.Build.0 = Debug|x64
		{5D3DB297-F25A-460A-BB1B-DD23BA8D7022}.Debug|x86.ActiveCfg = Debug|Win32
		{5D3DB297-F25A-460A-BB1B-DD23BA8D7022}.Debug|x86.Build.0 = Debug|Win32
		{5D3DB297-F25A-460A-BB1B-DD23BA8D7022}.Release|x64.ActiveCfg = Release|x64
		{5D3DB297-F25A-460A-BB1B-DD23BA8D7022}.Release|x64.Build.0 = Release|x64
		{5D3DB297-F25A-460A-BB1B-DD23BA8D7022}.Release|x86.ActiveCfg = Release|Win32
		{5D3DB297-F25A-460A-BB1B-DD23BA8D7022}.Release|x86.Build.0 = Release|Win32
		{0A323283-FA45-4821-81E1-53F9FA18DE41}.Debug|x64.ActiveCfg = Debug|x64
		{0A323283-FA45-4821-81E1-53F9FA18DE41}.Debug|x64.Build.0 = Debug|x64
		{0A323283-FA45-4821-81E1-53F9FA18DE41}.Debug|x86.ActiveCfg = Debug|Win32
		{0A323283-FA45-4821-81E1-53F9FA18DE41}.Debug|x86.Build.0 = Debug|Win32
		{0A323283-FA45-4821-81E1-53F9FA18DE41}.Release|x64.ActiveCfg = Release|x64
		{0A323283-FA45-4821-81E1-53F9FA18DE41}.Release|x64.Build.0 = Release|x64
		{0A323283-FA45-4821-81E1-53F9FA18DE41}.Release|x86.ActiveCfg = Release|Win32
		{0A323283-FA45-4821-81E1-53F9FA18DE41}.Release|x86.Build.0 = Release|Win32
		{5CA26BEB-D705-4A8E-B2F2-2AE041E71DE1}.Debug|x64.ActiveCfg = Debug|x64
		{5CA26BEB-D705-4A8E-B2F2-2AE041E71DE1}.Debug|x64.Build.0 = Debug|x64
		{5CA26BEB-D705-4A8E-B2F2-2AE041E71DE1}.Debug|x86.ActiveCfg = Debug|Win32
		{5CA26BEB-D705-4A8E-B2F2-2AE041E71DE1}.Debug|x86.Build.0 = Debug|Win32
		{5CA26BEB-D705-4A8E-B2F2-2AE041E71DE1}.Release|x64.ActiveCfg = Release|x64
		{5CA26BEB-D705-4A8E-B2F2-2AE041E71DE1}.Release|x64.Build.0 = Release|x64
		{5CA26BEB-D705-4A8E-B2F2-2AE041E71DE1}.Release|x86.ActiveCfg = Release|Win32
		{5CA26BEB-D705-4A8E-B2F2-2AE041E71DE1}.Release|x86.Build.0 = Release|Win32
		{95B064D5-C116-4EA3-A054-CCE549883A7C}.Debug|x64.ActiveCfg = Debug|x64
		{95B064D5-C116-4EA3-A054-CCE549883A7C}.Debug|x64.Build.0 = Debug|x64
		{95B064D5-C116-4EA3-A054-CCE549883A7C}.Debug|x86.ActiveCfg = Debug|Win32
		{95B064D5-C116-4EA3-A054-CCE549883A7C}.Debug|x86.Build.0 = Debug|Win32
		{95B064D5-C116-4EA3-A054-CCE549883A7C}.Release|x64.ActiveCfg = Release|x64
		{95B064D5-C116-4EA3-A054-CCE549883A7C}.Release|x64.Build.0 = Release|x64
		{95B064D5-C116-4EA3-A054-CCE549883A7C}.Release|x86.ActiveCfg = Release|Win32
		{95B064D5-C116-4EA3-A054-CCE549883A7C}.Release|x86.Build.0 = Release|Win32
		{A1A081DE-4E35-4493-A5FD-AD4778A53864}.Debug|x64.ActiveCfg = Debug|x64
		{A1A081DE-4E35-4493-A5FD-AD4778A53864}.Debug|x64.Build.0 = Debug|x64
		{A1A081DE-4E35-4493-A5FD-AD4778A53864}.Debug|x86.ActiveCfg = Debug|Win32
		{A1A081DE-4E35-4493-A5FD-AD4778A53864}.Debug|x86.Build.0 = Debug|Win32
		{A1A081DE-4E35-4493-A5FD-AD4778A53864}.Release|x64.ActiveCfg = Release|x64
		{A1A081DE-4E35-4493-A5FD-AD4778A53864}.Release|x64.Build.0 = Release|x64
		{A1A081DE-4E35-4493-A5FD-AD4778A53864}.Release|x86.ActiveCfg = Release|Win32
		{A1A081DE-4E35-4493-A5FD-AD4778A53864}.Release|x86.Build.0 = Release|Win32
		{2887DB8E-A1D6-4974-8B97-3479B688C54B}.Debug|x64.ActiveCfg = Debug|x64
		{2887DB8E-A1D6-4974-8B97-3479B688C54B}.Debug|x64.Build.0 = Debug|x64
		{2887DB8E-A1D6-4974-8B97-3479B688C54B}.Debug|x86.ActiveCfg = Debug|Win32
		{2887DB8E-A1D6-4974-8B97-3479B688C54B}.Debug|x86.Build.0 = Debug|Win32
		{2887DB8E-A1D6-4974-8B97-3479B688C54B}.Release|x64.ActiveCfg = Release|x64
		{2887DB8E-A1D6-4974-8B97-3479B688C54B}.Release|x64.Build.0 = Release|x64
		{2887DB8E-A1D6-4974-8B97-3479B688C54B}.Release|x86.ActiveCfg = Release|Win32
		{2887DB8E-A1D6-4974-8B97-3479B688C54B}.Release|x86.Build.0 = Release|Win32
	EndGlobalSection
	GlobalSection(SolutionProperties) = preSolution
		HideSolutionNode = FALSE
	EndGlobalSection
EndGlobal
