
Microsoft Visual Studio Solution File, Format Version 12.00
# Visual Studio Version 17
VisualStudioVersion = 17.12.35514.174
MinimumVisualStudioVersion = 10.0.40219.1
Project("{8BC9CEB8-8B4A-11D0-8D11-00A0C91BC942}") = "Algo-Lvl-3", "Algo-Lvl-3\Algo-Lvl-3.vcxproj", "{E1086265-CF61-42EA-A826-E21B838DAFF7}"
EndProject
Project("{8BC9CEB8-8B4A-11D0-8D11-00A0C91BC942}") = "Problem-2", "Problem-2\Problem-2.vcxproj", "{25667384-FDA0-4136-A16F-3E187B1E066B}"
EndProject
Project("{8BC9CEB8-8B4A-11D0-8D11-00A0C91BC942}") = "Problem-3", "Problem-3\Problem-3.vcxproj", "{8489862E-1FB6-4502-8B14-82FA360F53B5}"
EndProject
Project("{8BC9CEB8-8B4A-11D0-8D11-00A0C91BC942}") = "Problem-4", "Problem-4\Problem-4.vcxproj", "{80AD4382-AAD2-4BA8-928F-06A01D45AF6F}"
EndProject
Project("{8BC9CEB8-8B4A-11D0-8D11-00A0C91BC942}") = "Problem-5", "Problem-5\Problem-5.vcxproj", "{EA9634C0-CB7E-4FF0-A912-EAC399B78B29}"
EndProject
Project("{8BC9CEB8-8B4A-11D0-8D11-00A0C91BC942}") = "Problem-6", "Problem-6\Problem-6.vcxproj", "{C35A24C8-7D4F-48D2-8F24-6E6902233D23}"
EndProject
Project("{8BC9CEB8-8B4A-11D0-8D11-00A0C91BC942}") = "Problem 7", "Problem 7\Problem 7.vcxproj", "{DD558356-8362-45E7-8ACB-5107A52C249E}"
EndProject
Project("{8BC9CEB8-8B4A-11D0-8D11-00A0C91BC942}") = "Problem 8", "Problem 8\Problem 8.vcxproj", "{AD20E7B2-006B-4FE2-A907-1F811F3A97B2}"
EndProject
Project("{8BC9CEB8-8B4A-11D0-8D11-00A0C91BC942}") = "Problem-9", "Problem-9\Problem-9.vcxproj", "{1F7FA71F-EA8F-4DC6-AC4C-4F21639DF526}"
EndProject
Project("{8BC9CEB8-8B4A-11D0-8D11-00A0C91BC942}") = "Problem 10", "Problem 10\Problem 10.vcxproj", "{DC0161D1-3071-4AD9-98DF-7979858AAAD1}"
EndProject
Project("{8BC9CEB8-8B4A-11D0-8D11-00A0C91BC942}") = "Problem 11", "Problem 11\Problem 11.vcxproj", "{79B08D05-5E42-4490-8DD8-6EC4C87857CA}"
EndProject
Project("{8BC9CEB8-8B4A-11D0-8D11-00A0C91BC942}") = "Problem 12", "Problem 12\Problem 12.vcxproj", "{105D2660-8305-45E6-B497-2B074983B388}"
EndProject
Project("{8BC9CEB8-8B4A-11D0-8D11-00A0C91BC942}") = "Problem 13", "Problem 13\Problem 13.vcxproj", "{7A823AB9-618A-43E1-BA70-EE1439C970FA}"
EndProject
Project("{8BC9CEB8-8B4A-11D0-8D11-00A0C91BC942}") = "Problem 14", "Problem 14\Problem 14.vcxproj", "{1FD23E66-7470-4C04-A5CE-3E06A18F0D0D}"
EndProject
Global
	GlobalSection(SolutionConfigurationPlatforms) = preSolution
		Debug|x64 = Debug|x64
		Debug|x86 = Debug|x86
		Release|x64 = Release|x64
		Release|x86 = Release|x86
	EndGlobalSection
	GlobalSection(ProjectConfigurationPlatforms) = postSolution
		{E1086265-CF61-42EA-A826-E21B838DAFF7}.Debug|x64.ActiveCfg = Debug|x64
		{E1086265-CF61-42EA-A826-E21B838DAFF7}.Debug|x64.Build.0 = Debug|x64
		{E1086265-CF61-42EA-A826-E21B838DAFF7}.Debug|x86.ActiveCfg = Debug|Win32
		{E1086265-CF61-42EA-A826-E21B838DAFF7}.Debug|x86.Build.0 = Debug|Win32
		{E1086265-CF61-42EA-A826-E21B838DAFF7}.Release|x64.ActiveCfg = Release|x64
		{E1086265-CF61-42EA-A826-E21B838DAFF7}.Release|x64.Build.0 = Release|x64
		{E1086265-CF61-42EA-A826-E21B838DAFF7}.Release|x86.ActiveCfg = Release|Win32
		{E1086265-CF61-42EA-A826-E21B838DAFF7}.Release|x86.Build.0 = Release|Win32
		{25667384-FDA0-4136-A16F-3E187B1E066B}.Debug|x64.ActiveCfg = Debug|x64
		{25667384-FDA0-4136-A16F-3E187B1E066B}.Debug|x64.Build.0 = Debug|x64
		{25667384-FDA0-4136-A16F-3E187B1E066B}.Debug|x86.ActiveCfg = Debug|Win32
		{25667384-FDA0-4136-A16F-3E187B1E066B}.Debug|x86.Build.0 = Debug|Win32
		{25667384-FDA0-4136-A16F-3E187B1E066B}.Release|x64.ActiveCfg = Release|x64
		{25667384-FDA0-4136-A16F-3E187B1E066B}.Release|x64.Build.0 = Release|x64
		{25667384-FDA0-4136-A16F-3E187B1E066B}.Release|x86.ActiveCfg = Release|Win32
		{25667384-FDA0-4136-A16F-3E187B1E066B}.Release|x86.Build.0 = Release|Win32
		{8489862E-1FB6-4502-8B14-82FA360F53B5}.Debug|x64.ActiveCfg = Debug|x64
		{8489862E-1FB6-4502-8B14-82FA360F53B5}.Debug|x64.Build.0 = Debug|x64
		{8489862E-1FB6-4502-8B14-82FA360F53B5}.Debug|x86.ActiveCfg = Debug|Win32
		{8489862E-1FB6-4502-8B14-82FA360F53B5}.Debug|x86.Build.0 = Debug|Win32
		{8489862E-1FB6-4502-8B14-82FA360F53B5}.Release|x64.ActiveCfg = Release|x64
		{8489862E-1FB6-4502-8B14-82FA360F53B5}.Release|x64.Build.0 = Release|x64
		{8489862E-1FB6-4502-8B14-82FA360F53B5}.Release|x86.ActiveCfg = Release|Win32
		{8489862E-1FB6-4502-8B14-82FA360F53B5}.Release|x86.Build.0 = Release|Win32
		{80AD4382-AAD2-4BA8-928F-06A01D45AF6F}.Debug|x64.ActiveCfg = Debug|x64
		{80AD4382-AAD2-4BA8-928F-06A01D45AF6F}.Debug|x64.Build.0 = Debug|x64
		{80AD4382-AAD2-4BA8-928F-06A01D45AF6F}.Debug|x86.ActiveCfg = Debug|Win32
		{80AD4382-AAD2-4BA8-928F-06A01D45AF6F}.Debug|x86.Build.0 = Debug|Win32
		{80AD4382-AAD2-4BA8-928F-06A01D45AF6F}.Release|x64.ActiveCfg = Release|x64
		{80AD4382-AAD2-4BA8-928F-06A01D45AF6F}.Release|x64.Build.0 = Release|x64
		{80AD4382-AAD2-4BA8-928F-06A01D45AF6F}.Release|x86.ActiveCfg = Release|Win32
		{80AD4382-AAD2-4BA8-928F-06A01D45AF6F}.Release|x86.Build.0 = Release|Win32
		{EA9634C0-CB7E-4FF0-A912-EAC399B78B29}.Debug|x64.ActiveCfg = Debug|x64
		{EA9634C0-CB7E-4FF0-A912-EAC399B78B29}.Debug|x64.Build.0 = Debug|x64
		{EA9634C0-CB7E-4FF0-A912-EAC399B78B29}.Debug|x86.ActiveCfg = Debug|Win32
		{EA9634C0-CB7E-4FF0-A912-EAC399B78B29}.Debug|x86.Build.0 = Debug|Win32
		{EA9634C0-CB7E-4FF0-A912-EAC399B78B29}.Release|x64.ActiveCfg = Release|x64
		{EA9634C0-CB7E-4FF0-A912-EAC399B78B29}.Release|x64.Build.0 = Release|x64
		{EA9634C0-CB7E-4FF0-A912-EAC399B78B29}.Release|x86.ActiveCfg = Release|Win32
		{EA9634C0-CB7E-4FF0-A912-EAC399B78B29}.Release|x86.Build.0 = Release|Win32
		{C35A24C8-7D4F-48D2-8F24-6E6902233D23}.Debug|x64.ActiveCfg = Debug|x64
		{C35A24C8-7D4F-48D2-8F24-6E6902233D23}.Debug|x64.Build.0 = Debug|x64
		{C35A24C8-7D4F-48D2-8F24-6E6902233D23}.Debug|x86.ActiveCfg = Debug|Win32
		{C35A24C8-7D4F-48D2-8F24-6E6902233D23}.Debug|x86.Build.0 = Debug|Win32
		{C35A24C8-7D4F-48D2-8F24-6E6902233D23}.Release|x64.ActiveCfg = Release|x64
		{C35A24C8-7D4F-48D2-8F24-6E6902233D23}.Release|x64.Build.0 = Release|x64
		{C35A24C8-7D4F-48D2-8F24-6E6902233D23}.Release|x86.ActiveCfg = Release|Win32
		{C35A24C8-7D4F-48D2-8F24-6E6902233D23}.Release|x86.Build.0 = Release|Win32
		{DD558356-8362-45E7-8ACB-5107A52C249E}.Debug|x64.ActiveCfg = Debug|x64
		{DD558356-8362-45E7-8ACB-5107A52C249E}.Debug|x64.Build.0 = Debug|x64
		{DD558356-8362-45E7-8ACB-5107A52C249E}.Debug|x86.ActiveCfg = Debug|Win32
		{DD558356-8362-45E7-8ACB-5107A52C249E}.Debug|x86.Build.0 = Debug|Win32
		{DD558356-8362-45E7-8ACB-5107A52C249E}.Release|x64.ActiveCfg = Release|x64
		{DD558356-8362-45E7-8ACB-5107A52C249E}.Release|x64.Build.0 = Release|x64
		{DD558356-8362-45E7-8ACB-5107A52C249E}.Release|x86.ActiveCfg = Release|Win32
		{DD558356-8362-45E7-8ACB-5107A52C249E}.Release|x86.Build.0 = Release|Win32
		{AD20E7B2-006B-4FE2-A907-1F811F3A97B2}.Debug|x64.ActiveCfg = Debug|x64
		{AD20E7B2-006B-4FE2-A907-1F811F3A97B2}.Debug|x64.Build.0 = Debug|x64
		{AD20E7B2-006B-4FE2-A907-1F811F3A97B2}.Debug|x86.ActiveCfg = Debug|Win32
		{AD20E7B2-006B-4FE2-A907-1F811F3A97B2}.Debug|x86.Build.0 = Debug|Win32
		{AD20E7B2-006B-4FE2-A907-1F811F3A97B2}.Release|x64.ActiveCfg = Release|x64
		{AD20E7B2-006B-4FE2-A907-1F811F3A97B2}.Release|x64.Build.0 = Release|x64
		{AD20E7B2-006B-4FE2-A907-1F811F3A97B2}.Release|x86.ActiveCfg = Release|Win32
		{AD20E7B2-006B-4FE2-A907-1F811F3A97B2}.Release|x86.Build.0 = Release|Win32
		{1F7FA71F-EA8F-4DC6-AC4C-4F21639DF526}.Debug|x64.ActiveCfg = Debug|x64
		{1F7FA71F-EA8F-4DC6-AC4C-4F21639DF526}.Debug|x64.Build.0 = Debug|x64
		{1F7FA71F-EA8F-4DC6-AC4C-4F21639DF526}.Debug|x86.ActiveCfg = Debug|Win32
		{1F7FA71F-EA8F-4DC6-AC4C-4F21639DF526}.Debug|x86.Build.0 = Debug|Win32
		{1F7FA71F-EA8F-4DC6-AC4C-4F21639DF526}.Release|x64.ActiveCfg = Release|x64
		{1F7FA71F-EA8F-4DC6-AC4C-4F21639DF526}.Release|x64.Build.0 = Release|x64
		{1F7FA71F-EA8F-4DC6-AC4C-4F21639DF526}.Release|x86.ActiveCfg = Release|Win32
		{1F7FA71F-EA8F-4DC6-AC4C-4F21639DF526}.Release|x86.Build.0 = Release|Win32
		{DC0161D1-3071-4AD9-98DF-7979858AAAD1}.Debug|x64.ActiveCfg = Debug|x64
		{DC0161D1-3071-4AD9-98DF-7979858AAAD1}.Debug|x64.Build.0 = Debug|x64
		{DC0161D1-3071-4AD9-98DF-7979858AAAD1}.Debug|x86.ActiveCfg = Debug|Win32
		{DC0161D1-3071-4AD9-98DF-7979858AAAD1}.Debug|x86.Build.0 = Debug|Win32
		{DC0161D1-3071-4AD9-98DF-7979858AAAD1}.Release|x64.ActiveCfg = Release|x64
		{DC0161D1-3071-4AD9-98DF-7979858AAAD1}.Release|x64.Build.0 = Release|x64
		{DC0161D1-3071-4AD9-98DF-7979858AAAD1}.Release|x86.ActiveCfg = Release|Win32
		{DC0161D1-3071-4AD9-98DF-7979858AAAD1}.Release|x86.Build.0 = Release|Win32
		{79B08D05-5E42-4490-8DD8-6EC4C87857CA}.Debug|x64.ActiveCfg = Debug|x64
		{79B08D05-5E42-4490-8DD8-6EC4C87857CA}.Debug|x64.Build.0 = Debug|x64
		{79B08D05-5E42-4490-8DD8-6EC4C87857CA}.Debug|x86.ActiveCfg = Debug|Win32
		{79B08D05-5E42-4490-8DD8-6EC4C87857CA}.Debug|x86.Build.0 = Debug|Win32
		{79B08D05-5E42-4490-8DD8-6EC4C87857CA}.Release|x64.ActiveCfg = Release|x64
		{79B08D05-5E42-4490-8DD8-6EC4C87857CA}.Release|x64.Build.0 = Release|x64
		{79B08D05-5E42-4490-8DD8-6EC4C87857CA}.Release|x86.ActiveCfg = Release|Win32
		{79B08D05-5E42-4490-8DD8-6EC4C87857CA}.Release|x86.Build.0 = Release|Win32
		{105D2660-8305-45E6-B497-2B074983B388}.Debug|x64.ActiveCfg = Debug|x64
		{105D2660-8305-45E6-B497-2B074983B388}.Debug|x64.Build.0 = Debug|x64
		{105D2660-8305-45E6-B497-2B074983B388}.Debug|x86.ActiveCfg = Debug|Win32
		{105D2660-8305-45E6-B497-2B074983B388}.Debug|x86.Build.0 = Debug|Win32
		{105D2660-8305-45E6-B497-2B074983B388}.Release|x64.ActiveCfg = Release|x64
		{105D2660-8305-45E6-B497-2B074983B388}.Release|x64.Build.0 = Release|x64
		{105D2660-8305-45E6-B497-2B074983B388}.Release|x86.ActiveCfg = Release|Win32
		{105D2660-8305-45E6-B497-2B074983B388}.Release|x86.Build.0 = Release|Win32
		{7A823AB9-618A-43E1-BA70-EE1439C970FA}.Debug|x64.ActiveCfg = Debug|x64
		{7A823AB9-618A-43E1-BA70-EE1439C970FA}.Debug|x64.Build.0 = Debug|x64
		{7A823AB9-618A-43E1-BA70-EE1439C970FA}.Debug|x86.ActiveCfg = Debug|Win32
		{7A823AB9-618A-43E1-BA70-EE1439C970FA}.Debug|x86.Build.0 = Debug|Win32
		{7A823AB9-618A-43E1-BA70-EE1439C970FA}.Release|x64.ActiveCfg = Release|x64
		{7A823AB9-618A-43E1-BA70-EE1439C970FA}.Release|x64.Build.0 = Release|x64
		{7A823AB9-618A-43E1-BA70-EE1439C970FA}.Release|x86.ActiveCfg = Release|Win32
		{7A823AB9-618A-43E1-BA70-EE1439C970FA}.Release|x86.Build.0 = Release|Win32
		{1FD23E66-7470-4C04-A5CE-3E06A18F0D0D}.Debug|x64.ActiveCfg = Debug|x64
		{1FD23E66-7470-4C04-A5CE-3E06A18F0D0D}.Debug|x64.Build.0 = Debug|x64
		{1FD23E66-7470-4C04-A5CE-3E06A18F0D0D}.Debug|x86.ActiveCfg = Debug|Win32
		{1FD23E66-7470-4C04-A5CE-3E06A18F0D0D}.Debug|x86.Build.0 = Debug|Win32
		{1FD23E66-7470-4C04-A5CE-3E06A18F0D0D}.Release|x64.ActiveCfg = Release|x64
		{1FD23E66-7470-4C04-A5CE-3E06A18F0D0D}.Release|x64.Build.0 = Release|x64
		{1FD23E66-7470-4C04-A5CE-3E06A18F0D0D}.Release|x86.ActiveCfg = Release|Win32
		{1FD23E66-7470-4C04-A5CE-3E06A18F0D0D}.Release|x86.Build.0 = Release|Win32
	EndGlobalSection
	GlobalSection(SolutionProperties) = preSolution
		HideSolutionNode = FALSE
	EndGlobalSection
EndGlobal
